
Microsoft Visual Studio Solution File, Format Version 12.00
# Visual Studio 15
VisualStudioVersion = 15.0.27130.2026
MinimumVisualStudioVersion = 10.0.40219.1
Project("{8BC9CEB8-8B4A-11D0-8D11-00A0C91BC942}") = "indJarvis", "indJarvis\indJarvis.vcxproj", "{53E27792-DF96-4694-B39B-506E5F51070B}"
EndProject
Global
	GlobalSection(SolutionConfigurationPlatforms) = preSolution
		Debug|x64 = Debug|x64
		Debug|x86 = Debug|x86
		Release|x64 = Release|x64
		Release|x86 = Release|x86
	EndGlobalSection
	GlobalSection(ProjectConfigurationPlatforms) = postSolution
		{53E27792-DF96-4694-B39B-506E5F51070B}.Debug|x64.ActiveCfg = Debug|x64
		{53E27792-DF96-4694-B39B-506E5F51070B}.Debug|x64.Build.0 = Debug|x64
		{53E27792-DF96-4694-B39B-506E5F51070B}.Debug|x86.ActiveCfg = Debug|Win32
		{53E27792-DF96-4694-B39B-506E5F51070B}.Debug|x86.Build.0 = Debug|Win32
		{53E27792-DF96-4694-B39B-506E5F51070B}.Release|x64.ActiveCfg = Release|x64
		{53E27792-DF96-4694-B39B-506E5F51070B}.Release|x64.Build.0 = Release|x64
		{53E27792-DF96-4694-B39B-506E5F51070B}.Release|x86.ActiveCfg = Release|Win32
		{53E27792-DF96-4694-B39B-506E5F51070B}.Release|x86.Build.0 = Release|Win32
	EndGlobalSection
	GlobalSection(SolutionProperties) = preSolution
		HideSolutionNode = FALSE
	EndGlobalSection
	GlobalSection(ExtensibilityGlobals) = postSolution
		SolutionGuid = {D4B831C9-56AC-4572-8625-81BBCC2B491A}
	EndGlobalSection
EndGlobal
